
Microsoft Visual Studio Solution File, Format Version 12.00
# Visual Studio Version 17
VisualStudioVersion = 17.14.36705.20 d17.14
MinimumVisualStudioVersion = 10.0.40219.1
Project("{FAE04EC0-301F-11D3-BF4B-00C04F79EFBC}") = "Library-Management-System", "Library-Management-System\Library-Management-System.csproj", "{7F2054B3-D2A4-41B6-B4D1-10BE54FE789B}"
EndProject
Global
	GlobalSection(SolutionConfigurationPlatforms) = preSolution
		Debug|Any CPU = Debug|Any CPU
		Release|Any CPU = Release|Any CPU
	EndGlobalSection
	GlobalSection(ProjectConfigurationPlatforms) = postSolution
		{7F2054B3-D2A4-41B6-B4D1-10BE54FE789B}.Debug|Any CPU.ActiveCfg = Debug|Any CPU
		{7F2054B3-D2A4-41B6-B4D1-10BE54FE789B}.Debug|Any CPU.Build.0 = Debug|Any CPU
		{7F2054B3-D2A4-41B6-B4D1-10BE54FE789B}.Release|Any CPU.ActiveCfg = Release|Any CPU
		{7F2054B3-D2A4-41B6-B4D1-10BE54FE789B}.Release|Any CPU.Build.0 = Release|Any CPU
	EndGlobalSection
	GlobalSection(SolutionProperties) = preSolution
		HideSolutionNode = FALSE
	EndGlobalSection
	GlobalSection(ExtensibilityGlobals) = postSolution
		SolutionGuid = {A6D64806-CDA8-4891-A5F8-91484621DECA}
	EndGlobalSection
EndGlobal
